// !$*UTF8*$!
{
	archiveVersion = 1;
	classes = {
	};
	objectVersion = 46;
	objects = {

/* Begin PBXBuildFile section */
		76BA25271B536AB000B4ABF0 /* main.m in Sources */ = {isa = PBXBuildFile; fileRef = 76BA25261B536AB000B4ABF0 /* main.m */; };
		76BA252A1B536AB000B4ABF0 /* AppDelegate.m in Sources */ = {isa = PBXBuildFile; fileRef = 76BA25291B536AB000B4ABF0 /* AppDelegate.m */; };
		76BA252D1B536AB000B4ABF0 /* ViewController.m in Sources */ = {isa = PBXBuildFile; fileRef = 76BA252C1B536AB000B4ABF0 /* ViewController.m */; };
		76BA25301B536AB000B4ABF0 /* Main.storyboard in Resources */ = {isa = PBXBuildFile; fileRef = 76BA252E1B536AB000B4ABF0 /* Main.storyboard */; };
		76BA25321B536AB000B4ABF0 /* Images.xcassets in Resources */ = {isa = PBXBuildFile; fileRef = 76BA25311B536AB000B4ABF0 /* Images.xcassets */; };
		76BA25351B536AB000B4ABF0 /* LaunchScreen.xib in Resources */ = {isa = PBXBuildFile; fileRef = 76BA25331B536AB000B4ABF0 /* LaunchScreen.xib */; };
/* End PBXBuildFile section */

/* Begin PBXFileReference section */
		76BA25211B536AB000B4ABF0 /* ZDCameraTest.app */ = {isa = PBXFileReference; explicitFileType = wrapper.application; includeInIndex = 0; path = ZDCameraTest.app; sourceTree = BUILT_PRODUCTS_DIR; };
		76BA25251B536AB000B4ABF0 /* Info.plist */ = {isa = PBXFileReference; lastKnownFileType = text.plist.xml; path = Info.plist; sourceTree = "<group>"; };
		76BA25261B536AB000B4ABF0 /* main.m */ = {isa = PBXFileReference; lastKnownFileType = sourcecode.c.objc; path = main.m; sourceTree = "<group>"; };
		76BA25281B536AB000B4ABF0 /* AppDelegate.h */ = {isa = PBXFileReference; lastKnownFileType = sourcecode.c.h; path = AppDelegate.h; sourceTree = "<group>"; };
		76BA25291B536AB000B4ABF0 /* AppDelegate.m */ = {isa = PBXFileReference; lastKnownFileType = sourcecode.c.objc; path = AppDelegate.m; sourceTree = "<group>"; };
		76BA252B1B536AB000B4ABF0 /* ViewController.h */ = {isa = PBXFileReference; lastKnownFileType = sourcecode.c.h; path = ViewController.h; sourceTree = "<group>"; };
		76BA252C1B536AB000B4ABF0 /* ViewController.m */ = {isa = PBXFileReference; lastKnownFileType = sourcecode.c.objc; path = ViewController.m; sourceTree = "<group>"; };
		76BA252F1B536AB000B4ABF0 /* Base */ = {isa = PBXFileReference; lastKnownFileType = file.storyboard; name = Base; path = Base.lproj/Main.storyboard; sourceTree = "<group>"; };
		76BA25311B536AB000B4ABF0 /* Images.xcassets */ = {isa = PBXFileReference; lastKnownFileType = folder.assetcatalog; path = Images.xcassets; sourceTree = "<group>"; };
		76BA25341B536AB000B4ABF0 /* Base */ = {isa = PBXFileReference; lastKnownFileType = file.xib; name = Base; path = Base.lproj/LaunchScreen.xib; sourceTree = "<group>"; };
		76BA253F1B536AB000B4ABF0 /* Info.plist */ = {isa = PBXFileReference; lastKnownFileType = text.plist.xml; path = Info.plist; sourceTree = "<group>"; };
		76BA25401B536AB000B4ABF0 /* ZDCameraTestTests.m */ = {isa = PBXFileReference; lastKnownFileType = sourcecode.c.objc; path = ZDCameraTestTests.m; sourceTree = "<group>"; };
/* End PBXFileReference section */

/* Begin PBXFrameworksBuildPhase section */
		76BA251E1B536AB000B4ABF0 /* Frameworks */ = {
			isa = PBXFrameworksBuildPhase;
			buildActionMask = 2147483647;
			files = (
			);
			runOnlyForDeploymentPostprocessing = 0;
		};
/* End PBXFrameworksBuildPhase section */

/* Begin PBXGroup section */
		76BA25181B536AB000B4ABF0 = {
			isa = PBXGroup;
			children = (
				76BA25231B536AB000B4ABF0 /* ZDCameraTest */,
				76BA253D1B536AB000B4ABF0 /* ZDCameraTestTests */,
				76BA25221B536AB000B4ABF0 /* Products */,
			);
			sourceTree = "<group>";
		};
		76BA25221B536AB000B4ABF0 /* Products */ = {
			isa = PBXGroup;
			children = (
				76BA25211B536AB000B4ABF0 /* ZDCameraTest.app */,
			);
			name = Products;
			sourceTree = "<group>";
		};
		76BA25231B536AB000B4ABF0 /* ZDCameraTest */ = {
			isa = PBXGroup;
			children = (
				76BA25281B536AB000B4ABF0 /* AppDelegate.h */,
				76BA25291B536AB000B4ABF0 /* AppDelegate.m */,
				76BA252B1B536AB000B4ABF0 /* ViewController.h */,
				76BA252C1B536AB000B4ABF0 /* ViewController.m */,
				76BA252E1B536AB000B4ABF0 /* Main.storyboard */,
				76BA25311B536AB000B4ABF0 /* Images.xcassets */,
				76BA25331B536AB000B4ABF0 /* LaunchScreen.xib */,
				76BA25241B536AB000B4ABF0 /* Supporting Files */,
			);
			path = ZDCameraTest;
			sourceTree = "<group>";
		};
		76BA25241B536AB000B4ABF0 /* Supporting Files */ = {
			isa = PBXGroup;
			children = (
				76BA25251B536AB000B4ABF0 /* Info.plist */,
				76BA25261B536AB000B4ABF0 /* main.m */,
			);
			name = "Supporting Files";
			sourceTree = "<group>";
		};
		76BA253D1B536AB000B4ABF0 /* ZDCameraTestTests */ = {
			isa = PBXGroup;
			children = (
				76BA25401B536AB000B4ABF0 /* ZDCameraTestTests.m */,
				76BA253E1B536AB000B4ABF0 /* Supporting Files */,
			);
			path = ZDCameraTestTests;
			sourceTree = "<group>";
		};
		76BA253E1B536AB000B4ABF0 /* Supporting Files */ = {
			isa = PBXGroup;
			children = (
				76BA253F1B536AB000B4ABF0 /* Info.plist */,
			);
			name = "Supporting Files";
			sourceTree = "<group>";
		};
/* End PBXGroup section */

/* Begin PBXNativeTarget section */
		76BA25201B536AB000B4ABF0 /* ZDCameraTest */ = {
			isa = PBXNativeTarget;
			buildConfigurationList = 76BA25441B536AB000B4ABF0 /* Build configuration list for PBXNativeTarget "ZDCameraTest" */;
			buildPhases = (
				76BA251D1B536AB000B4ABF0 /* Sources */,
				76BA251E1B536AB000B4ABF0 /* Frameworks */,
				76BA251F1B536AB000B4ABF0 /* Resources */,
			);
			buildRules = (
			);
			dependencies = (
			);
			name = ZDCameraTest;
			productName = ZDCameraTest;
			productReference = 76BA25211B536AB000B4ABF0 /* ZDCameraTest.app */;
			productType = "com.apple.product-type.application";
		};
/* End PBXNativeTarget section */

/* Begin PBXProject section */
		76BA25191B536AB000B4ABF0 /* Project object */ = {
			isa = PBXProject;
			attributes = {
				LastUpgradeCheck = 0640;
				ORGANIZATIONNAME = "Pili Engineering";
				TargetAttributes = {
					76BA25201B536AB000B4ABF0 = {
						CreatedOnToolsVersion = 6.4;
					};
				};
			};
			buildConfigurationList = 76BA251C1B536AB000B4ABF0 /* Build configuration list for PBXProject "ZDCameraTest" */;
			compatibilityVersion = "Xcode 3.2";
			developmentRegion = English;
			hasScannedForEncodings = 0;
			knownRegions = (
				en,
				Base,
			);
			mainGroup = 76BA25181B536AB000B4ABF0;
			productRefGroup = 76BA25221B536AB000B4ABF0 /* Products */;
			projectDirPath = "";
			projectRoot = "";
			targets = (
				76BA25201B536AB000B4ABF0 /* ZDCameraTest */,
			);
		};
/* End PBXProject section */

/* Begin PBXResourcesBuildPhase section */
		76BA251F1B536AB000B4ABF0 /* Resources */ = {
			isa = PBXResourcesBuildPhase;
			buildActionMask = 2147483647;
			files = (
				76BA25301B536AB000B4ABF0 /* Main.storyboard in Resources */,
				76BA25351B536AB000B4ABF0 /* LaunchScreen.xib in Resources */,
				76BA25321B536AB000B4ABF0 /* Images.xcassets in Resources */,
			);
			runOnlyForDeploymentPostprocessing = 0;
		};
/* End PBXResourcesBuildPhase section */

/* Begin PBXSourcesBuildPhase section */
		76BA251D1B536AB000B4ABF0 /* Sources */ = {
			isa = PBXSourcesBuildPhase;
			buildActionMask = 2147483647;
			files = (
				76BA252D1B536AB000B4ABF0 /* ViewController.m in Sources */,
				76BA252A1B536AB000B4ABF0 /* AppDelegate.m in Sources */,
				76BA25271B536AB000B4ABF0 /* main.m in Sources */,
			);
			runOnlyForDeploymentPostprocessing = 0;
		};
/* End PBXSourcesBuildPhase section */

/* Begin PBXVariantGroup section */
		76BA252E1B536AB000B4ABF0 /* Main.storyboard */ = {
			isa = PBXVariantGroup;
			children = (
				76BA252F1B536AB000B4ABF0 /* Base */,
			);
			name = Main.storyboard;
			sourceTree = "<group>";
		};
		76BA25331B536AB000B4ABF0 /* LaunchScreen.xib */ = {
			isa = PBXVariantGroup;
			children = (
				76BA25341B536AB000B4ABF0 /* Base */,
			);
			name = LaunchScreen.xib;
			sourceTree = "<group>";
		};
/* End PBXVariantGroup section */

/* Begin XCBuildConfiguration section */
		76BA25421B536AB000B4ABF0 /* Debug */ = {
			isa = XCBuildConfiguration;
			buildSettings = {
				ALWAYS_SEARCH_USER_PATHS = NO;
				CLANG_CXX_LANGUAGE_STANDARD = "gnu++0x";
				CLANG_CXX_LIBRARY = "libc++";
				CLANG_ENABLE_MODULES = YES;
				CLANG_ENABLE_OBJC_ARC = YES;
				CLANG_WARN_BOOL_CONVERSION = YES;
				CLANG_WARN_CONSTANT_CONVERSION = YES;
				CLANG_WARN_DIRECT_OBJC_ISA_USAGE = YES_ERROR;
				CLANG_WARN_EMPTY_BODY = YES;
				CLANG_WARN_ENUM_CONVERSION = YES;
				CLANG_WARN_INT_CONVERSION = YES;
				CLANG_WARN_OBJC_ROOT_CLASS = YES_ERROR;
				CLANG_WARN_UNREACHABLE_CODE = YES;
				CLANG_WARN__DUPLICATE_METHOD_MATCH = YES;
				"CODE_SIGN_IDENTITY[sdk=iphoneos*]" = "iPhone Developer";
				COPY_PHASE_STRIP = NO;
				DEBUG_INFORMATION_FORMAT = "dwarf-with-dsym";
				ENABLE_STRICT_OBJC_MSGSEND = YES;
				GCC_C_LANGUAGE_STANDARD = gnu99;
				GCC_DYNAMIC_NO_PIC = NO;
				GCC_NO_COMMON_BLOCKS = YES;
				GCC_OPTIMIZATION_LEVEL = 0;
				GCC_PREPROCESSOR_DEFINITIONS = (
					"DEBUG=1",
					"$(inherited)",
				);
				GCC_SYMBOLS_PRIVATE_EXTERN = NO;
				GCC_WARN_64_TO_32_BIT_CONVERSION = YES;
				GCC_WARN_ABOUT_RETURN_TYPE = YES_ERROR;
				GCC_WARN_UNDECLARED_SELECTOR = YES;
				GCC_WARN_UNINITIALIZED_AUTOS = YES_AGGRESSIVE;
				GCC_WARN_UNUSED_FUNCTION = YES;
				GCC_WARN_UNUSED_VARIABLE = YES;
				IPHONEOS_DEPLOYMENT_TARGET = 7.0;
				MTL_ENABLE_DEBUG_INFO = YES;
				ONLY_ACTIVE_ARCH = YES;
				SDKROOT = iphoneos;
			};
			name = Debug;
		};
		76BA25431B536AB000B4ABF0 /* Release */ = {
			isa = XCBuildConfiguration;
			buildSettings = {
				ALWAYS_SEARCH_USER_PATHS = NO;
				CLANG_CXX_LANGUAGE_STANDARD = "gnu++0x";
				CLANG_CXX_LIBRARY = "libc++";
				CLANG_ENABLE_MODULES = YES;
				CLANG_ENABLE_OBJC_ARC = YES;
				CLANG_WARN_BOOL_CONVERSION = YES;
				CLANG_WARN_CONSTANT_CONVERSION = YES;
				CLANG_WARN_DIRECT_OBJC_ISA_USAGE = YES_ERROR;
				CLANG_WARN_EMPTY_BODY = YES;
				CLANG_WARN_ENUM_CONVERSION = YES;
				CLANG_WARN_INT_CONVERSION = YES;
				CLANG_WARN_OBJC_ROOT_CLASS = YES_ERROR;
				CLANG_WARN_UNREACHABLE_CODE = YES;
				CLANG_WARN__DUPLICATE_METHOD_MATCH = YES;
				"CODE_SIGN_IDENTITY[sdk=iphoneos*]" = "iPhone Developer";
				COPY_PHASE_STRIP = NO;
				DEBUG_INFORMATION_FORMAT = "dwarf-with-dsym";
				ENABLE_NS_ASSERTIONS = NO;
				ENABLE_STRICT_OBJC_MSGSEND = YES;
				GCC_C_LANGUAGE_STANDARD = gnu99;
				GCC_NO_COMMON_BLOCKS = YES;
				GCC_WARN_64_TO_32_BIT_CONVERSION = YES;
				GCC_WARN_ABOUT_RETURN_TYPE = YES_ERROR;
				GCC_WARN_UNDECLARED_SELECTOR = YES;
				GCC_WARN_UNINITIALIZED_AUTOS = YES_AGGRESSIVE;
				GCC_WARN_UNUSED_FUNCTION = YES;
				GCC_WARN_UNUSED_VARIABLE = YES;
				IPHONEOS_DEPLOYMENT_TARGET = 7.0;
				MTL_ENABLE_DEBUG_INFO = NO;
				SDKROOT = iphoneos;
				VALIDATE_PRODUCT = YES;
			};
			name = Release;
		};
		76BA25451B536AB000B4ABF0 /* Debug */ = {
			isa = XCBuildConfiguration;
			buildSettings = {
				ASSETCATALOG_COMPILER_APPICON_NAME = AppIcon;
				INFOPLIST_FILE = ZDCameraTest/Info.plist;
				LD_RUNPATH_SEARCH_PATHS = "$(inherited) @executable_path/Frameworks";
				PRODUCT_NAME = "$(TARGET_NAME)";
			};
			name = Debug;
		};
		76BA25461B536AB000B4ABF0 /* Release */ = {
			isa = XCBuildConfiguration;
			buildSettings = {
				ASSETCATALOG_COMPILER_APPICON_NAME = AppIcon;
				INFOPLIST_FILE = ZDCameraTest/Info.plist;
				LD_RUNPATH_SEARCH_PATHS = "$(inherited) @executable_path/Frameworks";
				PRODUCT_NAME = "$(TARGET_NAME)";
			};
			name = Release;
		};
/* End XCBuildConfiguration section */

/* Begin XCConfigurationList section */
		76BA251C1B536AB000B4ABF0 /* Build configuration list for PBXProject "ZDCameraTest" */ = {
			isa = XCConfigurationList;
			buildConfigurations = (
				76BA25421B536AB000B4ABF0 /* Debug */,
				76BA25431B536AB000B4ABF0 /* Release */,
			);
			defaultConfigurationIsVisible = 0;
			defaultConfigurationName = Release;
		};
		76BA25441B536AB000B4ABF0 /* Build configuration list for PBXNativeTarget "ZDCameraTest" */ = {
			isa = XCConfigurationList;
			buildConfigurations = (
				76BA25451B536AB000B4ABF0 /* Debug */,
				76BA25461B536AB000B4ABF0 /* Release */,
			);
			defaultConfigurationIsVisible = 0;
			defaultConfigurationName = Release;
		};
/* End XCConfigurationList section */
	};
	rootObject = 76BA25191B536AB000B4ABF0 /* Project object */;
}
